// !$*UTF8*$!
{
	archiveVersion = 1;
	classes = {
	};
	objectVersion = 56;
	objects = {

/* Begin PBXBuildFile section */
		211775AC2BC6EFCA004B6E23 /* FiltersViewController.swift in Sources */ = {isa = PBXBuildFile; fileRef = 211775AB2BC6EFCA004B6E23 /* FiltersViewController.swift */; };
		211775AE2BC83BCD004B6E23 /* SingleOptionViewController.swift in Sources */ = {isa = PBXBuildFile; fileRef = 211775AD2BC83BCD004B6E23 /* SingleOptionViewController.swift */; };
		211775B02BC84F41004B6E23 /* ApplyFiltersButton.swift in Sources */ = {isa = PBXBuildFile; fileRef = 211775AF2BC84F40004B6E23 /* ApplyFiltersButton.swift */; };
		211775B22BC857E6004B6E23 /* OptionsTableViewCell.swift in Sources */ = {isa = PBXBuildFile; fileRef = 211775B12BC857E6004B6E23 /* OptionsTableViewCell.swift */; };
		211775B42BC85962004B6E23 /* MultiOptionViewController.swift in Sources */ = {isa = PBXBuildFile; fileRef = 211775B32BC85962004B6E23 /* MultiOptionViewController.swift */; };
		211775B62BC922F8004B6E23 /* Entity.swift in Sources */ = {isa = PBXBuildFile; fileRef = 211775B52BC922F8004B6E23 /* Entity.swift */; };
		211775B82BC92319004B6E23 /* Country.swift in Sources */ = {isa = PBXBuildFile; fileRef = 211775B72BC92319004B6E23 /* Country.swift */; };
		211775BA2BC92336004B6E23 /* Filters.swift in Sources */ = {isa = PBXBuildFile; fileRef = 211775B92BC92336004B6E23 /* Filters.swift */; };
		219031E22BC6BABC001D141E /* SearchSuggestionsTableView.swift in Sources */ = {isa = PBXBuildFile; fileRef = 219031E12BC6BABC001D141E /* SearchSuggestionsTableView.swift */; };
		21B412E32BCAEAD000730295 /* SelectableOption.swift in Sources */ = {isa = PBXBuildFile; fileRef = 21B412E22BCAEAD000730295 /* SelectableOption.swift */; };
		21B412ED2BCB070600730295 /* NetworkResponseConverter.swift in Sources */ = {isa = PBXBuildFile; fileRef = 21B412E92BCB070500730295 /* NetworkResponseConverter.swift */; };
		21B412EE2BCB070600730295 /* ImageNetworkResponseConverter.swift in Sources */ = {isa = PBXBuildFile; fileRef = 21B412EA2BCB070500730295 /* ImageNetworkResponseConverter.swift */; };
		21B412EF2BCB070600730295 /* DecodableNetworkResponseConverter.swift in Sources */ = {isa = PBXBuildFile; fileRef = 21B412EB2BCB070500730295 /* DecodableNetworkResponseConverter.swift */; };
		21B412F02BCB070600730295 /* NetworkResponseConverterOf.swift in Sources */ = {isa = PBXBuildFile; fileRef = 21B412EC2BCB070500730295 /* NetworkResponseConverterOf.swift */; };
		21B412F72BCB071F00730295 /* RequestBuilder.swift in Sources */ = {isa = PBXBuildFile; fileRef = 21B412F12BCB071F00730295 /* RequestBuilder.swift */; };
		21B412F82BCB071F00730295 /* CachePolicy.swift in Sources */ = {isa = PBXBuildFile; fileRef = 21B412F22BCB071F00730295 /* CachePolicy.swift */; };
		21B412F92BCB071F00730295 /* NetworkClient.swift in Sources */ = {isa = PBXBuildFile; fileRef = 21B412F32BCB071F00730295 /* NetworkClient.swift */; };
		21B412FA2BCB071F00730295 /* NetworkRequest.swift in Sources */ = {isa = PBXBuildFile; fileRef = 21B412F42BCB071F00730295 /* NetworkRequest.swift */; };
		21B412FB2BCB071F00730295 /* HttpMethod.swift in Sources */ = {isa = PBXBuildFile; fileRef = 21B412F52BCB071F00730295 /* HttpMethod.swift */; };
		21B412FC2BCB071F00730295 /* NetworkError.swift in Sources */ = {isa = PBXBuildFile; fileRef = 21B412F62BCB071F00730295 /* NetworkError.swift */; };
		21B412FF2BCB1AEB00730295 /* MediaService.swift in Sources */ = {isa = PBXBuildFile; fileRef = 21B412FE2BCB1AEB00730295 /* MediaService.swift */; };
		21B413012BCB1B4700730295 /* MediaRequest.swift in Sources */ = {isa = PBXBuildFile; fileRef = 21B413002BCB1B4700730295 /* MediaRequest.swift */; };
		21B413032BCB1B5100730295 /* MediaResponse.swift in Sources */ = {isa = PBXBuildFile; fileRef = 21B413022BCB1B5100730295 /* MediaResponse.swift */; };
		21B413052BCB1D4700730295 /* MediaImageRequest.swift in Sources */ = {isa = PBXBuildFile; fileRef = 21B413042BCB1D4700730295 /* MediaImageRequest.swift */; };
		21B413072BCB1D5100730295 /* MediaImageResponse.swift in Sources */ = {isa = PBXBuildFile; fileRef = 21B413062BCB1D5100730295 /* MediaImageResponse.swift */; };
		21B4130C2BCB300900730295 /* MainViewModel.swift in Sources */ = {isa = PBXBuildFile; fileRef = 21B4130B2BCB300900730295 /* MainViewModel.swift */; };
		21B413102BCB49FB00730295 /* SearchResultCellViewModel.swift in Sources */ = {isa = PBXBuildFile; fileRef = 21B4130F2BCB49FB00730295 /* SearchResultCellViewModel.swift */; };
		21BD1A592BCC13C7004B5F2C /* FiltersViewModel.swift in Sources */ = {isa = PBXBuildFile; fileRef = 21BD1A582BCC13C7004B5F2C /* FiltersViewModel.swift */; };
		21BD1A5B2BCC2128004B5F2C /* Array+asString.swift in Sources */ = {isa = PBXBuildFile; fileRef = 21BD1A5A2BCC2128004B5F2C /* Array+asString.swift */; };
		21FC75ED2BC0A2560096989A /* AppDelegate.swift in Sources */ = {isa = PBXBuildFile; fileRef = 21FC75EC2BC0A2560096989A /* AppDelegate.swift */; };
		21FC75EF2BC0A2560096989A /* SceneDelegate.swift in Sources */ = {isa = PBXBuildFile; fileRef = 21FC75EE2BC0A2560096989A /* SceneDelegate.swift */; };
		21FC75F12BC0A2560096989A /* MainViewController.swift in Sources */ = {isa = PBXBuildFile; fileRef = 21FC75F02BC0A2560096989A /* MainViewController.swift */; };
		21FC75F62BC0A2570096989A /* Assets.xcassets in Resources */ = {isa = PBXBuildFile; fileRef = 21FC75F52BC0A2570096989A /* Assets.xcassets */; };
		21FC75F92BC0A2570096989A /* Base in Resources */ = {isa = PBXBuildFile; fileRef = 21FC75F82BC0A2570096989A /* Base */; };
		21FC76072BC0B77F0096989A /* SearchResultsCollectionView.swift in Sources */ = {isa = PBXBuildFile; fileRef = 21FC76062BC0B77F0096989A /* SearchResultsCollectionView.swift */; };
		21FC76092BC0B9650096989A /* SearchResultCell.swift in Sources */ = {isa = PBXBuildFile; fileRef = 21FC76082BC0B9650096989A /* SearchResultCell.swift */; };
		21FC760B2BC1CB3F0096989A /* SearchTextField.swift in Sources */ = {isa = PBXBuildFile; fileRef = 21FC760A2BC1CB3F0096989A /* SearchTextField.swift */; };
		21FC760E2BC1D24B0096989A /* UIFont+systemFontWithDesign.swift in Sources */ = {isa = PBXBuildFile; fileRef = 21FC760D2BC1D24B0096989A /* UIFont+systemFontWithDesign.swift */; };
		21FC76102BC1D2640096989A /* UIImage+systemImageWithColor.swift in Sources */ = {isa = PBXBuildFile; fileRef = 21FC760F2BC1D2640096989A /* UIImage+systemImageWithColor.swift */; };
/* End PBXBuildFile section */

/* Begin PBXFileReference section */
		211775AB2BC6EFCA004B6E23 /* FiltersViewController.swift */ = {isa = PBXFileReference; lastKnownFileType = sourcecode.swift; path = FiltersViewController.swift; sourceTree = "<group>"; };
		211775AD2BC83BCD004B6E23 /* SingleOptionViewController.swift */ = {isa = PBXFileReference; lastKnownFileType = sourcecode.swift; path = SingleOptionViewController.swift; sourceTree = "<group>"; };
		211775AF2BC84F40004B6E23 /* ApplyFiltersButton.swift */ = {isa = PBXFileReference; lastKnownFileType = sourcecode.swift; path = ApplyFiltersButton.swift; sourceTree = "<group>"; };
		211775B12BC857E6004B6E23 /* OptionsTableViewCell.swift */ = {isa = PBXFileReference; lastKnownFileType = sourcecode.swift; path = OptionsTableViewCell.swift; sourceTree = "<group>"; };
		211775B32BC85962004B6E23 /* MultiOptionViewController.swift */ = {isa = PBXFileReference; lastKnownFileType = sourcecode.swift; path = MultiOptionViewController.swift; sourceTree = "<group>"; };
		211775B52BC922F8004B6E23 /* Entity.swift */ = {isa = PBXFileReference; lastKnownFileType = sourcecode.swift; path = Entity.swift; sourceTree = "<group>"; };
		211775B72BC92319004B6E23 /* Country.swift */ = {isa = PBXFileReference; lastKnownFileType = sourcecode.swift; path = Country.swift; sourceTree = "<group>"; };
		211775B92BC92336004B6E23 /* Filters.swift */ = {isa = PBXFileReference; lastKnownFileType = sourcecode.swift; path = Filters.swift; sourceTree = "<group>"; };
		219031E12BC6BABC001D141E /* SearchSuggestionsTableView.swift */ = {isa = PBXFileReference; lastKnownFileType = sourcecode.swift; path = SearchSuggestionsTableView.swift; sourceTree = "<group>"; };
		21B412E22BCAEAD000730295 /* SelectableOption.swift */ = {isa = PBXFileReference; lastKnownFileType = sourcecode.swift; path = SelectableOption.swift; sourceTree = "<group>"; };
		21B412E92BCB070500730295 /* NetworkResponseConverter.swift */ = {isa = PBXFileReference; fileEncoding = 4; lastKnownFileType = sourcecode.swift; path = NetworkResponseConverter.swift; sourceTree = "<group>"; };
		21B412EA2BCB070500730295 /* ImageNetworkResponseConverter.swift */ = {isa = PBXFileReference; fileEncoding = 4; lastKnownFileType = sourcecode.swift; path = ImageNetworkResponseConverter.swift; sourceTree = "<group>"; };
		21B412EB2BCB070500730295 /* DecodableNetworkResponseConverter.swift */ = {isa = PBXFileReference; fileEncoding = 4; lastKnownFileType = sourcecode.swift; path = DecodableNetworkResponseConverter.swift; sourceTree = "<group>"; };
		21B412EC2BCB070500730295 /* NetworkResponseConverterOf.swift */ = {isa = PBXFileReference; fileEncoding = 4; lastKnownFileType = sourcecode.swift; path = NetworkResponseConverterOf.swift; sourceTree = "<group>"; };
		21B412F12BCB071F00730295 /* RequestBuilder.swift */ = {isa = PBXFileReference; fileEncoding = 4; lastKnownFileType = sourcecode.swift; path = RequestBuilder.swift; sourceTree = "<group>"; };
		21B412F22BCB071F00730295 /* CachePolicy.swift */ = {isa = PBXFileReference; fileEncoding = 4; lastKnownFileType = sourcecode.swift; path = CachePolicy.swift; sourceTree = "<group>"; };
		21B412F32BCB071F00730295 /* NetworkClient.swift */ = {isa = PBXFileReference; fileEncoding = 4; lastKnownFileType = sourcecode.swift; path = NetworkClient.swift; sourceTree = "<group>"; };
		21B412F42BCB071F00730295 /* NetworkRequest.swift */ = {isa = PBXFileReference; fileEncoding = 4; lastKnownFileType = sourcecode.swift; path = NetworkRequest.swift; sourceTree = "<group>"; };
		21B412F52BCB071F00730295 /* HttpMethod.swift */ = {isa = PBXFileReference; fileEncoding = 4; lastKnownFileType = sourcecode.swift; path = HttpMethod.swift; sourceTree = "<group>"; };
		21B412F62BCB071F00730295 /* NetworkError.swift */ = {isa = PBXFileReference; fileEncoding = 4; lastKnownFileType = sourcecode.swift; path = NetworkError.swift; sourceTree = "<group>"; };
		21B412FE2BCB1AEB00730295 /* MediaService.swift */ = {isa = PBXFileReference; lastKnownFileType = sourcecode.swift; path = MediaService.swift; sourceTree = "<group>"; };
		21B413002BCB1B4700730295 /* MediaRequest.swift */ = {isa = PBXFileReference; lastKnownFileType = sourcecode.swift; path = MediaRequest.swift; sourceTree = "<group>"; };
		21B413022BCB1B5100730295 /* MediaResponse.swift */ = {isa = PBXFileReference; lastKnownFileType = sourcecode.swift; path = MediaResponse.swift; sourceTree = "<group>"; };
		21B413042BCB1D4700730295 /* MediaImageRequest.swift */ = {isa = PBXFileReference; lastKnownFileType = sourcecode.swift; path = MediaImageRequest.swift; sourceTree = "<group>"; };
		21B413062BCB1D5100730295 /* MediaImageResponse.swift */ = {isa = PBXFileReference; lastKnownFileType = sourcecode.swift; path = MediaImageResponse.swift; sourceTree = "<group>"; };
		21B4130B2BCB300900730295 /* MainViewModel.swift */ = {isa = PBXFileReference; lastKnownFileType = sourcecode.swift; path = MainViewModel.swift; sourceTree = "<group>"; };
		21B4130F2BCB49FB00730295 /* SearchResultCellViewModel.swift */ = {isa = PBXFileReference; lastKnownFileType = sourcecode.swift; path = SearchResultCellViewModel.swift; sourceTree = "<group>"; };
		21BD1A582BCC13C7004B5F2C /* FiltersViewModel.swift */ = {isa = PBXFileReference; lastKnownFileType = sourcecode.swift; path = FiltersViewModel.swift; sourceTree = "<group>"; };
		21BD1A5A2BCC2128004B5F2C /* Array+asString.swift */ = {isa = PBXFileReference; lastKnownFileType = sourcecode.swift; path = "Array+asString.swift"; sourceTree = "<group>"; };
		21FC75E92BC0A2560096989A /* iTunesSearch.app */ = {isa = PBXFileReference; explicitFileType = wrapper.application; includeInIndex = 0; path = iTunesSearch.app; sourceTree = BUILT_PRODUCTS_DIR; };
		21FC75EC2BC0A2560096989A /* AppDelegate.swift */ = {isa = PBXFileReference; lastKnownFileType = sourcecode.swift; path = AppDelegate.swift; sourceTree = "<group>"; };
		21FC75EE2BC0A2560096989A /* SceneDelegate.swift */ = {isa = PBXFileReference; lastKnownFileType = sourcecode.swift; path = SceneDelegate.swift; sourceTree = "<group>"; };
		21FC75F02BC0A2560096989A /* MainViewController.swift */ = {isa = PBXFileReference; lastKnownFileType = sourcecode.swift; path = MainViewController.swift; sourceTree = "<group>"; };
		21FC75F52BC0A2570096989A /* Assets.xcassets */ = {isa = PBXFileReference; lastKnownFileType = folder.assetcatalog; path = Assets.xcassets; sourceTree = "<group>"; };
		21FC75F82BC0A2570096989A /* Base */ = {isa = PBXFileReference; lastKnownFileType = file.storyboard; name = Base; path = Base.lproj/LaunchScreen.storyboard; sourceTree = "<group>"; };
		21FC75FA2BC0A2570096989A /* Info.plist */ = {isa = PBXFileReference; lastKnownFileType = text.plist.xml; path = Info.plist; sourceTree = "<group>"; };
		21FC76062BC0B77F0096989A /* SearchResultsCollectionView.swift */ = {isa = PBXFileReference; lastKnownFileType = sourcecode.swift; path = SearchResultsCollectionView.swift; sourceTree = "<group>"; };
		21FC76082BC0B9650096989A /* SearchResultCell.swift */ = {isa = PBXFileReference; lastKnownFileType = sourcecode.swift; path = SearchResultCell.swift; sourceTree = "<group>"; };
		21FC760A2BC1CB3F0096989A /* SearchTextField.swift */ = {isa = PBXFileReference; lastKnownFileType = sourcecode.swift; path = SearchTextField.swift; sourceTree = "<group>"; };
		21FC760D2BC1D24B0096989A /* UIFont+systemFontWithDesign.swift */ = {isa = PBXFileReference; lastKnownFileType = sourcecode.swift; path = "UIFont+systemFontWithDesign.swift"; sourceTree = "<group>"; };
		21FC760F2BC1D2640096989A /* UIImage+systemImageWithColor.swift */ = {isa = PBXFileReference; lastKnownFileType = sourcecode.swift; path = "UIImage+systemImageWithColor.swift"; sourceTree = "<group>"; };
/* End PBXFileReference section */

/* Begin PBXFrameworksBuildPhase section */
		21FC75E62BC0A2560096989A /* Frameworks */ = {
			isa = PBXFrameworksBuildPhase;
			buildActionMask = 2147483647;
			files = (
			);
			runOnlyForDeploymentPostprocessing = 0;
		};
/* End PBXFrameworksBuildPhase section */

/* Begin PBXGroup section */
		219031E32BC6D2C2001D141E /* Main */ = {
			isa = PBXGroup;
			children = (
				21FC75F02BC0A2560096989A /* MainViewController.swift */,
				21B4130B2BCB300900730295 /* MainViewModel.swift */,
				219031E42BC6D2DE001D141E /* ChildViews */,
			);
			path = Main;
			sourceTree = "<group>";
		};
		219031E42BC6D2DE001D141E /* ChildViews */ = {
			isa = PBXGroup;
			children = (
				21FC760A2BC1CB3F0096989A /* SearchTextField.swift */,
				219031E12BC6BABC001D141E /* SearchSuggestionsTableView.swift */,
				21BD1A5E2BCC24D4004B5F2C /* SearchResultCollectionView */,
			);
			path = ChildViews;
			sourceTree = "<group>";
		};
		21B412E52BCB03F000730295 /* Filters */ = {
			isa = PBXGroup;
			children = (
				211775AB2BC6EFCA004B6E23 /* FiltersViewController.swift */,
				21BD1A582BCC13C7004B5F2C /* FiltersViewModel.swift */,
				21BD1A5C2BCC24B5004B5F2C /* ChildViews */,
			);
			path = Filters;
			sourceTree = "<group>";
		};
		21B412E72BCB069A00730295 /* Networking */ = {
			isa = PBXGroup;
			children = (
				21B412F22BCB071F00730295 /* CachePolicy.swift */,
				21B412F52BCB071F00730295 /* HttpMethod.swift */,
				21B412F32BCB071F00730295 /* NetworkClient.swift */,
				21B412F62BCB071F00730295 /* NetworkError.swift */,
				21B412F42BCB071F00730295 /* NetworkRequest.swift */,
				21B412F12BCB071F00730295 /* RequestBuilder.swift */,
				21B412E82BCB06AA00730295 /* ResponseDecoder */,
			);
			path = Networking;
			sourceTree = "<group>";
		};
		21B412E82BCB06AA00730295 /* ResponseDecoder */ = {
			isa = PBXGroup;
			children = (
				21B412EB2BCB070500730295 /* DecodableNetworkResponseConverter.swift */,
				21B412EA2BCB070500730295 /* ImageNetworkResponseConverter.swift */,
				21B412E92BCB070500730295 /* NetworkResponseConverter.swift */,
				21B412EC2BCB070500730295 /* NetworkResponseConverterOf.swift */,
			);
			path = ResponseDecoder;
			sourceTree = "<group>";
		};
		21B412FD2BCB1AB100730295 /* Services */ = {
			isa = PBXGroup;
			children = (
				21B412FE2BCB1AEB00730295 /* MediaService.swift */,
				21B413092BCB2E9C00730295 /* MediaRequest */,
				21B4130A2BCB2EA600730295 /* MediaImageRequest */,
			);
			path = Services;
			sourceTree = "<group>";
		};
		21B413092BCB2E9C00730295 /* MediaRequest */ = {
			isa = PBXGroup;
			children = (
				21B413002BCB1B4700730295 /* MediaRequest.swift */,
				21B413022BCB1B5100730295 /* MediaResponse.swift */,
			);
			path = MediaRequest;
			sourceTree = "<group>";
		};
		21B4130A2BCB2EA600730295 /* MediaImageRequest */ = {
			isa = PBXGroup;
			children = (
				21B413042BCB1D4700730295 /* MediaImageRequest.swift */,
				21B413062BCB1D5100730295 /* MediaImageResponse.swift */,
			);
			path = MediaImageRequest;
			sourceTree = "<group>";
		};
		21BD1A5C2BCC24B5004B5F2C /* ChildViews */ = {
			isa = PBXGroup;
			children = (
				211775AD2BC83BCD004B6E23 /* SingleOptionViewController.swift */,
				211775B32BC85962004B6E23 /* MultiOptionViewController.swift */,
				211775B12BC857E6004B6E23 /* OptionsTableViewCell.swift */,
				211775AF2BC84F40004B6E23 /* ApplyFiltersButton.swift */,
			);
			path = ChildViews;
			sourceTree = "<group>";
		};
		21BD1A5E2BCC24D4004B5F2C /* SearchResultCollectionView */ = {
			isa = PBXGroup;
			children = (
				21FC76062BC0B77F0096989A /* SearchResultsCollectionView.swift */,
				21FC76082BC0B9650096989A /* SearchResultCell.swift */,
				21B4130F2BCB49FB00730295 /* SearchResultCellViewModel.swift */,
			);
			path = SearchResultCollectionView;
			sourceTree = "<group>";
		};
		21FC75E02BC0A2560096989A = {
			isa = PBXGroup;
			children = (
				21FC75EB2BC0A2560096989A /* iTunesSearch */,
				21FC75EA2BC0A2560096989A /* Products */,
			);
			sourceTree = "<group>";
		};
		21FC75EA2BC0A2560096989A /* Products */ = {
			isa = PBXGroup;
			children = (
				21FC75E92BC0A2560096989A /* iTunesSearch.app */,
			);
			name = Products;
			sourceTree = "<group>";
		};
		21FC75EB2BC0A2560096989A /* iTunesSearch */ = {
			isa = PBXGroup;
			children = (
				21B412FD2BCB1AB100730295 /* Services */,
				21B412E72BCB069A00730295 /* Networking */,
				21FC76012BC0A4900096989A /* App */,
				219031E32BC6D2C2001D141E /* Main */,
				21B412E52BCB03F000730295 /* Filters */,
				21FC76032BC0A5800096989A /* Models */,
				21FC760C2BC1D2340096989A /* Extensions */,
				21FC76022BC0A4A50096989A /* SupportingFiles */,
			);
			path = iTunesSearch;
			sourceTree = "<group>";
		};
		21FC76012BC0A4900096989A /* App */ = {
			isa = PBXGroup;
			children = (
				21FC75EE2BC0A2560096989A /* SceneDelegate.swift */,
				21FC75EC2BC0A2560096989A /* AppDelegate.swift */,
			);
			path = App;
			sourceTree = "<group>";
		};
		21FC76022BC0A4A50096989A /* SupportingFiles */ = {
			isa = PBXGroup;
			children = (
				21FC75F52BC0A2570096989A /* Assets.xcassets */,
				21FC75F72BC0A2570096989A /* LaunchScreen.storyboard */,
				21FC75FA2BC0A2570096989A /* Info.plist */,
			);
			path = SupportingFiles;
			sourceTree = "<group>";
		};
		21FC76032BC0A5800096989A /* Models */ = {
			isa = PBXGroup;
			children = (
				211775B52BC922F8004B6E23 /* Entity.swift */,
				211775B72BC92319004B6E23 /* Country.swift */,
				211775B92BC92336004B6E23 /* Filters.swift */,
				21B412E22BCAEAD000730295 /* SelectableOption.swift */,
			);
			path = Models;
			sourceTree = "<group>";
		};
		21FC760C2BC1D2340096989A /* Extensions */ = {
			isa = PBXGroup;
			children = (
				21FC760D2BC1D24B0096989A /* UIFont+systemFontWithDesign.swift */,
				21FC760F2BC1D2640096989A /* UIImage+systemImageWithColor.swift */,
				21BD1A5A2BCC2128004B5F2C /* Array+asString.swift */,
			);
			path = Extensions;
			sourceTree = "<group>";
		};
/* End PBXGroup section */

/* Begin PBXNativeTarget section */
		21FC75E82BC0A2560096989A /* iTunesSearch */ = {
			isa = PBXNativeTarget;
			buildConfigurationList = 21FC75FD2BC0A2570096989A /* Build configuration list for PBXNativeTarget "iTunesSearch" */;
			buildPhases = (
				21FC75E52BC0A2560096989A /* Sources */,
				21FC75E62BC0A2560096989A /* Frameworks */,
				21FC75E72BC0A2560096989A /* Resources */,
				21FC76002BC0A3360096989A /* SwiftLint */,
			);
			buildRules = (
			);
			dependencies = (
			);
			name = iTunesSearch;
			productName = iTunesSearch;
			productReference = 21FC75E92BC0A2560096989A /* iTunesSearch.app */;
			productType = "com.apple.product-type.application";
		};
/* End PBXNativeTarget section */

/* Begin PBXProject section */
		21FC75E12BC0A2560096989A /* Project object */ = {
			isa = PBXProject;
			attributes = {
				BuildIndependentTargetsInParallel = 1;
				LastSwiftUpdateCheck = 1530;
				LastUpgradeCheck = 1530;
				TargetAttributes = {
					21FC75E82BC0A2560096989A = {
						CreatedOnToolsVersion = 15.3;
					};
				};
			};
			buildConfigurationList = 21FC75E42BC0A2560096989A /* Build configuration list for PBXProject "iTunesSearch" */;
			compatibilityVersion = "Xcode 14.0";
			developmentRegion = en;
			hasScannedForEncodings = 0;
			knownRegions = (
				en,
				Base,
			);
			mainGroup = 21FC75E02BC0A2560096989A;
			productRefGroup = 21FC75EA2BC0A2560096989A /* Products */;
			projectDirPath = "";
			projectRoot = "";
			targets = (
				21FC75E82BC0A2560096989A /* iTunesSearch */,
			);
		};
/* End PBXProject section */

/* Begin PBXResourcesBuildPhase section */
		21FC75E72BC0A2560096989A /* Resources */ = {
			isa = PBXResourcesBuildPhase;
			buildActionMask = 2147483647;
			files = (
				21FC75F62BC0A2570096989A /* Assets.xcassets in Resources */,
				21FC75F92BC0A2570096989A /* Base in Resources */,
			);
			runOnlyForDeploymentPostprocessing = 0;
		};
/* End PBXResourcesBuildPhase section */

/* Begin PBXShellScriptBuildPhase section */
		21FC76002BC0A3360096989A /* SwiftLint */ = {
			isa = PBXShellScriptBuildPhase;
			alwaysOutOfDate = 1;
			buildActionMask = 2147483647;
			files = (
			);
			inputFileListPaths = (
			);
			inputPaths = (
			);
			name = SwiftLint;
			outputFileListPaths = (
			);
			outputPaths = (
			);
			runOnlyForDeploymentPostprocessing = 0;
			shellPath = /bin/sh;
			shellScript = "if [[ \"$(uname -m)\" == arm64 ]]; then\n    export PATH=\"/opt/homebrew/bin:$PATH\"\nfi\n\nif which swiftlint > /dev/null; then\n  swiftlint\nelse\n  echo \"warning: SwiftLint not installed, download from https://github.com/realm/SwiftLint\"\nfi\n";
			showEnvVarsInLog = 0;
		};
/* End PBXShellScriptBuildPhase section */

/* Begin PBXSourcesBuildPhase section */
		21FC75E52BC0A2560096989A /* Sources */ = {
			isa = PBXSourcesBuildPhase;
			buildActionMask = 2147483647;
			files = (
				21B412EF2BCB070600730295 /* DecodableNetworkResponseConverter.swift in Sources */,
				21B412FC2BCB071F00730295 /* NetworkError.swift in Sources */,
				21B412E32BCAEAD000730295 /* SelectableOption.swift in Sources */,
				21FC75F12BC0A2560096989A /* MainViewController.swift in Sources */,
				21B412F82BCB071F00730295 /* CachePolicy.swift in Sources */,
				21FC76072BC0B77F0096989A /* SearchResultsCollectionView.swift in Sources */,
				21B412FF2BCB1AEB00730295 /* MediaService.swift in Sources */,
				21B412EE2BCB070600730295 /* ImageNetworkResponseConverter.swift in Sources */,
				21B412F02BCB070600730295 /* NetworkResponseConverterOf.swift in Sources */,
				21FC76102BC1D2640096989A /* UIImage+systemImageWithColor.swift in Sources */,
				21FC760E2BC1D24B0096989A /* UIFont+systemFontWithDesign.swift in Sources */,
				211775B62BC922F8004B6E23 /* Entity.swift in Sources */,
				21BD1A5B2BCC2128004B5F2C /* Array+asString.swift in Sources */,
				21B413072BCB1D5100730295 /* MediaImageResponse.swift in Sources */,
				21B412ED2BCB070600730295 /* NetworkResponseConverter.swift in Sources */,
				211775B22BC857E6004B6E23 /* OptionsTableViewCell.swift in Sources */,
				21FC75ED2BC0A2560096989A /* AppDelegate.swift in Sources */,
				211775AC2BC6EFCA004B6E23 /* FiltersViewController.swift in Sources */,
				211775AE2BC83BCD004B6E23 /* SingleOptionViewController.swift in Sources */,
				211775B82BC92319004B6E23 /* Country.swift in Sources */,
				21B412F72BCB071F00730295 /* RequestBuilder.swift in Sources */,
				219031E22BC6BABC001D141E /* SearchSuggestionsTableView.swift in Sources */,
				211775B02BC84F41004B6E23 /* ApplyFiltersButton.swift in Sources */,
				21FC760B2BC1CB3F0096989A /* SearchTextField.swift in Sources */,
				21B412F92BCB071F00730295 /* NetworkClient.swift in Sources */,
				211775B42BC85962004B6E23 /* MultiOptionViewController.swift in Sources */,
				21B4130C2BCB300900730295 /* MainViewModel.swift in Sources */,
				21FC76092BC0B9650096989A /* SearchResultCell.swift in Sources */,
				21B412FB2BCB071F00730295 /* HttpMethod.swift in Sources */,
				211775BA2BC92336004B6E23 /* Filters.swift in Sources */,
				21B413012BCB1B4700730295 /* MediaRequest.swift in Sources */,
				21B413032BCB1B5100730295 /* MediaResponse.swift in Sources */,
				21B412FA2BCB071F00730295 /* NetworkRequest.swift in Sources */,
				21B413102BCB49FB00730295 /* SearchResultCellViewModel.swift in Sources */,
				21B413052BCB1D4700730295 /* MediaImageRequest.swift in Sources */,
				21BD1A592BCC13C7004B5F2C /* FiltersViewModel.swift in Sources */,
				21FC75EF2BC0A2560096989A /* SceneDelegate.swift in Sources */,
			);
			runOnlyForDeploymentPostprocessing = 0;
		};
/* End PBXSourcesBuildPhase section */

/* Begin PBXVariantGroup section */
		21FC75F72BC0A2570096989A /* LaunchScreen.storyboard */ = {
			isa = PBXVariantGroup;
			children = (
				21FC75F82BC0A2570096989A /* Base */,
			);
			name = LaunchScreen.storyboard;
			sourceTree = "<group>";
		};
/* End PBXVariantGroup section */

/* Begin XCBuildConfiguration section */
		21FC75FB2BC0A2570096989A /* Debug */ = {
			isa = XCBuildConfiguration;
			buildSettings = {
				ALWAYS_SEARCH_USER_PATHS = NO;
				ASSETCATALOG_COMPILER_GENERATE_SWIFT_ASSET_SYMBOL_EXTENSIONS = YES;
				CLANG_ANALYZER_NONNULL = YES;
				CLANG_ANALYZER_NUMBER_OBJECT_CONVERSION = YES_AGGRESSIVE;
				CLANG_CXX_LANGUAGE_STANDARD = "gnu++20";
				CLANG_ENABLE_MODULES = YES;
				CLANG_ENABLE_OBJC_ARC = YES;
				CLANG_ENABLE_OBJC_WEAK = YES;
				CLANG_WARN_BLOCK_CAPTURE_AUTORELEASING = YES;
				CLANG_WARN_BOOL_CONVERSION = YES;
				CLANG_WARN_COMMA = YES;
				CLANG_WARN_CONSTANT_CONVERSION = YES;
				CLANG_WARN_DEPRECATED_OBJC_IMPLEMENTATIONS = YES;
				CLANG_WARN_DIRECT_OBJC_ISA_USAGE = YES_ERROR;
				CLANG_WARN_DOCUMENTATION_COMMENTS = YES;
				CLANG_WARN_EMPTY_BODY = YES;
				CLANG_WARN_ENUM_CONVERSION = YES;
				CLANG_WARN_INFINITE_RECURSION = YES;
				CLANG_WARN_INT_CONVERSION = YES;
				CLANG_WARN_NON_LITERAL_NULL_CONVERSION = YES;
				CLANG_WARN_OBJC_IMPLICIT_RETAIN_SELF = YES;
				CLANG_WARN_OBJC_LITERAL_CONVERSION = YES;
				CLANG_WARN_OBJC_ROOT_CLASS = YES_ERROR;
				CLANG_WARN_QUOTED_INCLUDE_IN_FRAMEWORK_HEADER = YES;
				CLANG_WARN_RANGE_LOOP_ANALYSIS = YES;
				CLANG_WARN_STRICT_PROTOTYPES = YES;
				CLANG_WARN_SUSPICIOUS_MOVE = YES;
				CLANG_WARN_UNGUARDED_AVAILABILITY = YES_AGGRESSIVE;
				CLANG_WARN_UNREACHABLE_CODE = YES;
				CLANG_WARN__DUPLICATE_METHOD_MATCH = YES;
				COPY_PHASE_STRIP = NO;
				DEBUG_INFORMATION_FORMAT = dwarf;
				ENABLE_STRICT_OBJC_MSGSEND = YES;
				ENABLE_TESTABILITY = YES;
				ENABLE_USER_SCRIPT_SANDBOXING = YES;
				GCC_C_LANGUAGE_STANDARD = gnu17;
				GCC_DYNAMIC_NO_PIC = NO;
				GCC_NO_COMMON_BLOCKS = YES;
				GCC_OPTIMIZATION_LEVEL = 0;
				GCC_PREPROCESSOR_DEFINITIONS = (
					"DEBUG=1",
					"$(inherited)",
				);
				GCC_WARN_64_TO_32_BIT_CONVERSION = YES;
				GCC_WARN_ABOUT_RETURN_TYPE = YES_ERROR;
				GCC_WARN_UNDECLARED_SELECTOR = YES;
				GCC_WARN_UNINITIALIZED_AUTOS = YES_AGGRESSIVE;
				GCC_WARN_UNUSED_FUNCTION = YES;
				GCC_WARN_UNUSED_VARIABLE = YES;
				IPHONEOS_DEPLOYMENT_TARGET = 17.0;
				LOCALIZATION_PREFERS_STRING_CATALOGS = YES;
				MTL_ENABLE_DEBUG_INFO = INCLUDE_SOURCE;
				MTL_FAST_MATH = YES;
				ONLY_ACTIVE_ARCH = YES;
				SDKROOT = iphoneos;
				SWIFT_ACTIVE_COMPILATION_CONDITIONS = "DEBUG $(inherited)";
				SWIFT_OPTIMIZATION_LEVEL = "-Onone";
			};
			name = Debug;
		};
		21FC75FC2BC0A2570096989A /* Release */ = {
			isa = XCBuildConfiguration;
			buildSettings = {
				ALWAYS_SEARCH_USER_PATHS = NO;
				ASSETCATALOG_COMPILER_GENERATE_SWIFT_ASSET_SYMBOL_EXTENSIONS = YES;
				CLANG_ANALYZER_NONNULL = YES;
				CLANG_ANALYZER_NUMBER_OBJECT_CONVERSION = YES_AGGRESSIVE;
				CLANG_CXX_LANGUAGE_STANDARD = "gnu++20";
				CLANG_ENABLE_MODULES = YES;
				CLANG_ENABLE_OBJC_ARC = YES;
				CLANG_ENABLE_OBJC_WEAK = YES;
				CLANG_WARN_BLOCK_CAPTURE_AUTORELEASING = YES;
				CLANG_WARN_BOOL_CONVERSION = YES;
				CLANG_WARN_COMMA = YES;
				CLANG_WARN_CONSTANT_CONVERSION = YES;
				CLANG_WARN_DEPRECATED_OBJC_IMPLEMENTATIONS = YES;
				CLANG_WARN_DIRECT_OBJC_ISA_USAGE = YES_ERROR;
				CLANG_WARN_DOCUMENTATION_COMMENTS = YES;
				CLANG_WARN_EMPTY_BODY = YES;
				CLANG_WARN_ENUM_CONVERSION = YES;
				CLANG_WARN_INFINITE_RECURSION = YES;
				CLANG_WARN_INT_CONVERSION = YES;
				CLANG_WARN_NON_LITERAL_NULL_CONVERSION = YES;
				CLANG_WARN_OBJC_IMPLICIT_RETAIN_SELF = YES;
				CLANG_WARN_OBJC_LITERAL_CONVERSION = YES;
				CLANG_WARN_OBJC_ROOT_CLASS = YES_ERROR;
				CLANG_WARN_QUOTED_INCLUDE_IN_FRAMEWORK_HEADER = YES;
				CLANG_WARN_RANGE_LOOP_ANALYSIS = YES;
				CLANG_WARN_STRICT_PROTOTYPES = YES;
				CLANG_WARN_SUSPICIOUS_MOVE = YES;
				CLANG_WARN_UNGUARDED_AVAILABILITY = YES_AGGRESSIVE;
				CLANG_WARN_UNREACHABLE_CODE = YES;
				CLANG_WARN__DUPLICATE_METHOD_MATCH = YES;
				COPY_PHASE_STRIP = NO;
				DEBUG_INFORMATION_FORMAT = "dwarf-with-dsym";
				ENABLE_NS_ASSERTIONS = NO;
				ENABLE_STRICT_OBJC_MSGSEND = YES;
				ENABLE_USER_SCRIPT_SANDBOXING = YES;
				GCC_C_LANGUAGE_STANDARD = gnu17;
				GCC_NO_COMMON_BLOCKS = YES;
				GCC_WARN_64_TO_32_BIT_CONVERSION = YES;
				GCC_WARN_ABOUT_RETURN_TYPE = YES_ERROR;
				GCC_WARN_UNDECLARED_SELECTOR = YES;
				GCC_WARN_UNINITIALIZED_AUTOS = YES_AGGRESSIVE;
				GCC_WARN_UNUSED_FUNCTION = YES;
				GCC_WARN_UNUSED_VARIABLE = YES;
				IPHONEOS_DEPLOYMENT_TARGET = 17.0;
				LOCALIZATION_PREFERS_STRING_CATALOGS = YES;
				MTL_ENABLE_DEBUG_INFO = NO;
				MTL_FAST_MATH = YES;
				SDKROOT = iphoneos;
				SWIFT_COMPILATION_MODE = wholemodule;
				VALIDATE_PRODUCT = YES;
			};
			name = Release;
		};
		21FC75FE2BC0A2570096989A /* Debug */ = {
			isa = XCBuildConfiguration;
			buildSettings = {
				ASSETCATALOG_COMPILER_APPICON_NAME = AppIcon;
				ASSETCATALOG_COMPILER_GLOBAL_ACCENT_COLOR_NAME = AccentColor;
				CODE_SIGN_STYLE = Automatic;
				CURRENT_PROJECT_VERSION = 1;
				ENABLE_USER_SCRIPT_SANDBOXING = NO;
				GENERATE_INFOPLIST_FILE = YES;
				INFOPLIST_FILE = iTunesSearch/SupportingFiles/Info.plist;
				INFOPLIST_KEY_UIApplicationSupportsIndirectInputEvents = YES;
				INFOPLIST_KEY_UILaunchStoryboardName = LaunchScreen;
				INFOPLIST_KEY_UISupportedInterfaceOrientations = UIInterfaceOrientationPortrait;
				INFOPLIST_KEY_UISupportedInterfaceOrientations_iPad = "UIInterfaceOrientationPortrait UIInterfaceOrientationPortraitUpsideDown";
				IPHONEOS_DEPLOYMENT_TARGET = 17.0;
				LD_RUNPATH_SEARCH_PATHS = (
					"$(inherited)",
					"@executable_path/Frameworks",
				);
				MARKETING_VERSION = 1.0;
				PRODUCT_BUNDLE_IDENTIFIER = com.vlad.iTunesSearch;
				PRODUCT_NAME = "$(TARGET_NAME)";
				SWIFT_EMIT_LOC_STRINGS = YES;
				SWIFT_STRICT_CONCURRENCY = complete;
				SWIFT_VERSION = 5.0;
				TARGETED_DEVICE_FAMILY = "1,2";
			};
			name = Debug;
		};
		21FC75FF2BC0A2570096989A /* Release */ = {
			isa = XCBuildConfiguration;
			buildSettings = {
				ASSETCATALOG_COMPILER_APPICON_NAME = AppIcon;
				ASSETCATALOG_COMPILER_GLOBAL_ACCENT_COLOR_NAME = AccentColor;
				CODE_SIGN_STYLE = Automatic;
				CURRENT_PROJECT_VERSION = 1;
				ENABLE_USER_SCRIPT_SANDBOXING = NO;
				GENERATE_INFOPLIST_FILE = YES;
				INFOPLIST_FILE = iTunesSearch/SupportingFiles/Info.plist;
				INFOPLIST_KEY_UIApplicationSupportsIndirectInputEvents = YES;
				INFOPLIST_KEY_UILaunchStoryboardName = LaunchScreen;
				INFOPLIST_KEY_UISupportedInterfaceOrientations = UIInterfaceOrientationPortrait;
				INFOPLIST_KEY_UISupportedInterfaceOrientations_iPad = "UIInterfaceOrientationPortrait UIInterfaceOrientationPortraitUpsideDown";
				IPHONEOS_DEPLOYMENT_TARGET = 17.0;
				LD_RUNPATH_SEARCH_PATHS = (
					"$(inherited)",
					"@executable_path/Frameworks",
				);
				MARKETING_VERSION = 1.0;
				PRODUCT_BUNDLE_IDENTIFIER = com.vlad.iTunesSearch;
				PRODUCT_NAME = "$(TARGET_NAME)";
				SWIFT_EMIT_LOC_STRINGS = YES;
				SWIFT_STRICT_CONCURRENCY = complete;
				SWIFT_VERSION = 5.0;
				TARGETED_DEVICE_FAMILY = "1,2";
			};
			name = Release;
		};
/* End XCBuildConfiguration section */

/* Begin XCConfigurationList section */
		21FC75E42BC0A2560096989A /* Build configuration list for PBXProject "iTunesSearch" */ = {
			isa = XCConfigurationList;
			buildConfigurations = (
				21FC75FB2BC0A2570096989A /* Debug */,
				21FC75FC2BC0A2570096989A /* Release */,
			);
			defaultConfigurationIsVisible = 0;
			defaultConfigurationName = Release;
		};
		21FC75FD2BC0A2570096989A /* Build configuration list for PBXNativeTarget "iTunesSearch" */ = {
			isa = XCConfigurationList;
			buildConfigurations = (
				21FC75FE2BC0A2570096989A /* Debug */,
				21FC75FF2BC0A2570096989A /* Release */,
			);
			defaultConfigurationIsVisible = 0;
			defaultConfigurationName = Release;
		};
/* End XCConfigurationList section */
	};
	rootObject = 21FC75E12BC0A2560096989A /* Project object */;
}
